
Microsoft Visual Studio Solution File, Format Version 12.00
# Visual Studio Version 17
VisualStudioVersion = 17.11.35222.181
MinimumVisualStudioVersion = 10.0.40219.1
Project("{FAE04EC0-301F-11D3-BF4B-00C04F79EFBC}") = "ejer.38", "ejer.38\ejer.38.csproj", "{FCDC29E9-1693-4735-8838-94B19A8FD7F3}"
EndProject
Global
	GlobalSection(SolutionConfigurationPlatforms) = preSolution
		Debug|Any CPU = Debug|Any CPU
		Release|Any CPU = Release|Any CPU
	EndGlobalSection
	GlobalSection(ProjectConfigurationPlatforms) = postSolution
		{FCDC29E9-1693-4735-8838-94B19A8FD7F3}.Debug|Any CPU.ActiveCfg = Debug|Any CPU
		{FCDC29E9-1693-4735-8838-94B19A8FD7F3}.Debug|Any CPU.Build.0 = Debug|Any CPU
		{FCDC29E9-1693-4735-8838-94B19A8FD7F3}.Release|Any CPU.ActiveCfg = Release|Any CPU
		{FCDC29E9-1693-4735-8838-94B19A8FD7F3}.Release|Any CPU.Build.0 = Release|Any CPU
	EndGlobalSection
	GlobalSection(SolutionProperties) = preSolution
		HideSolutionNode = FALSE
	EndGlobalSection
	GlobalSection(ExtensibilityGlobals) = postSolution
		SolutionGuid = {3DA3584C-2CB0-4A19-8B17-B229032E1C78}
	EndGlobalSection
EndGlobal
